// !$*UTF8*$!
{
	archiveVersion = 1;
	classes = {
	};
	objectVersion = 46;
	objects = {

/* Begin PBXBuildFile section */
		C41B6D2F1F163C1000A9B9C2 /* GoogleService-Info.plist in Resources */ = {isa = PBXBuildFile; fileRef = C41B6D2E1F163C1000A9B9C2 /* GoogleService-Info.plist */; };
		C44922F41F25D05800583018 /* HelpViewController.swift in Sources */ = {isa = PBXBuildFile; fileRef = C44922F31F25D05800583018 /* HelpViewController.swift */; };
		C44922F61F25D12400583018 /* HelpItem.swift in Sources */ = {isa = PBXBuildFile; fileRef = C44922F51F25D12400583018 /* HelpItem.swift */; };
		C44922F91F25D36200583018 /* HelpCellTableViewCell.swift in Sources */ = {isa = PBXBuildFile; fileRef = C44922F71F25D36200583018 /* HelpCellTableViewCell.swift */; };
		C44922FA1F25D36200583018 /* HelpCellTableViewCell.xib in Resources */ = {isa = PBXBuildFile; fileRef = C44922F81F25D36200583018 /* HelpCellTableViewCell.xib */; };
		C44922FC1F26075900583018 /* History.swift in Sources */ = {isa = PBXBuildFile; fileRef = C44922FB1F26075900583018 /* History.swift */; };
		C44922FE1F260B0700583018 /* Owner.swift in Sources */ = {isa = PBXBuildFile; fileRef = C44922FD1F260B0700583018 /* Owner.swift */; };
		C44923001F260B3200583018 /* Management.swift in Sources */ = {isa = PBXBuildFile; fileRef = C44922FF1F260B3200583018 /* Management.swift */; };
		C44923021F260B6900583018 /* StadiumInfo.swift in Sources */ = {isa = PBXBuildFile; fileRef = C44923011F260B6900583018 /* StadiumInfo.swift */; };
		C47B1C538FD0E5BF02631914 /* Pods_BluesFansClub.framework in Frameworks */ = {isa = PBXBuildFile; fileRef = 68066DD4BF8AFBEFFF529FC2 /* Pods_BluesFansClub.framework */; };
		C486D9841F160ABB00657D4C /* AppDelegate.swift in Sources */ = {isa = PBXBuildFile; fileRef = C486D9831F160ABB00657D4C /* AppDelegate.swift */; };
		C486D9861F160ABB00657D4C /* ViewController.swift in Sources */ = {isa = PBXBuildFile; fileRef = C486D9851F160ABB00657D4C /* ViewController.swift */; };
		C486D9891F160ABB00657D4C /* Main.storyboard in Resources */ = {isa = PBXBuildFile; fileRef = C486D9871F160ABB00657D4C /* Main.storyboard */; };
		C486D98B1F160ABB00657D4C /* Assets.xcassets in Resources */ = {isa = PBXBuildFile; fileRef = C486D98A1F160ABB00657D4C /* Assets.xcassets */; };
		C486D98E1F160ABB00657D4C /* LaunchScreen.storyboard in Resources */ = {isa = PBXBuildFile; fileRef = C486D98C1F160ABB00657D4C /* LaunchScreen.storyboard */; };
		C486D9991F160ABB00657D4C /* BluesFansClubTests.swift in Sources */ = {isa = PBXBuildFile; fileRef = C486D9981F160ABB00657D4C /* BluesFansClubTests.swift */; };
		C486D9A41F160ABB00657D4C /* BluesFansClubUITests.swift in Sources */ = {isa = PBXBuildFile; fileRef = C486D9A31F160ABB00657D4C /* BluesFansClubUITests.swift */; };
		C486D9B21F16159E00657D4C /* NewsTitleViewController.swift in Sources */ = {isa = PBXBuildFile; fileRef = C486D9B11F16159E00657D4C /* NewsTitleViewController.swift */; };
		C486D9B51F1626CE00657D4C /* NewsTableViewCell.swift in Sources */ = {isa = PBXBuildFile; fileRef = C486D9B31F1626CE00657D4C /* NewsTableViewCell.swift */; };
		C486D9B61F1626CE00657D4C /* NewsTableViewCell.xib in Resources */ = {isa = PBXBuildFile; fileRef = C486D9B41F1626CE00657D4C /* NewsTableViewCell.xib */; };
		C486D9B81F162A5B00657D4C /* DetailedNewsViewController.swift in Sources */ = {isa = PBXBuildFile; fileRef = C486D9B71F162A5B00657D4C /* DetailedNewsViewController.swift */; };
		C497CC311F20D01F0048717B /* Chants.swift in Sources */ = {isa = PBXBuildFile; fileRef = C497CC301F20D01F0048717B /* Chants.swift */; };
		C4AD87FC1F16426D0066F18C /* NewsItems.swift in Sources */ = {isa = PBXBuildFile; fileRef = C4AD87FB1F16426D0066F18C /* NewsItems.swift */; };
		C4B343691F1E302E009CB7F5 /* CurrentSquadViewController.swift in Sources */ = {isa = PBXBuildFile; fileRef = C4B343681F1E302E009CB7F5 /* CurrentSquadViewController.swift */; };
		C4C0268F1F21F0C3009012BC /* MainTableTableViewCell.swift in Sources */ = {isa = PBXBuildFile; fileRef = C4C0268D1F21F0C3009012BC /* MainTableTableViewCell.swift */; };
		C4C026901F21F0C3009012BC /* MainTableTableViewCell.xib in Resources */ = {isa = PBXBuildFile; fileRef = C4C0268E1F21F0C3009012BC /* MainTableTableViewCell.xib */; };
		C4C026921F21F8D2009012BC /* CurrentSquad.swift in Sources */ = {isa = PBXBuildFile; fileRef = C4C026911F21F8D2009012BC /* CurrentSquad.swift */; };
		C4C0CC421F1F2B5000D2EE7F /* AboutClub.swift in Sources */ = {isa = PBXBuildFile; fileRef = C4C0CC411F1F2B5000D2EE7F /* AboutClub.swift */; };
		C4C216511F271B40008C0D38 /* PrivacyPolicy.swift in Sources */ = {isa = PBXBuildFile; fileRef = C4C216501F271B40008C0D38 /* PrivacyPolicy.swift */; };
		C4C216551F271D91008C0D38 /* TermsAndConditions.swift in Sources */ = {isa = PBXBuildFile; fileRef = C4C216541F271D91008C0D38 /* TermsAndConditions.swift */; };
		C4C2C8091F28682F000D0B37 /* AboutClubViewController.swift in Sources */ = {isa = PBXBuildFile; fileRef = C4C2C8081F28682F000D0B37 /* AboutClubViewController.swift */; };
		C4C2C80D1F2869AA000D0B37 /* ChantsViewController.swift in Sources */ = {isa = PBXBuildFile; fileRef = C4C2C80C1F2869AA000D0B37 /* ChantsViewController.swift */; };
		C4C2C80F1F287170000D0B37 /* ManagementViewController.swift in Sources */ = {isa = PBXBuildFile; fileRef = C4C2C80E1F287170000D0B37 /* ManagementViewController.swift */; };
		C4C2C8111F287181000D0B37 /* StadiumInfoViewController.swift in Sources */ = {isa = PBXBuildFile; fileRef = C4C2C8101F287181000D0B37 /* StadiumInfoViewController.swift */; };
		C4C2C8131F287195000D0B37 /* HistoryViewController.swift in Sources */ = {isa = PBXBuildFile; fileRef = C4C2C8121F287195000D0B37 /* HistoryViewController.swift */; };
		C4C2C8151F287D2D000D0B37 /* AboutOwnerViewController.swift in Sources */ = {isa = PBXBuildFile; fileRef = C4C2C8141F287D2D000D0B37 /* AboutOwnerViewController.swift */; };
		C4C30EAA1F1C8824009FD0BB /* AboutUsViewController.swift in Sources */ = {isa = PBXBuildFile; fileRef = C4C30EA91F1C8824009FD0BB /* AboutUsViewController.swift */; };
		C4C30EAC1F1C894F009FD0BB /* AboutUsItems.swift in Sources */ = {isa = PBXBuildFile; fileRef = C4C30EAB1F1C894F009FD0BB /* AboutUsItems.swift */; };
		C4C30EAE1F1C967A009FD0BB /* FeedbackViewController.swift in Sources */ = {isa = PBXBuildFile; fileRef = C4C30EAD1F1C967A009FD0BB /* FeedbackViewController.swift */; };
		C4CDA8761F17434C00753215 /* FixturesViewController.swift in Sources */ = {isa = PBXBuildFile; fileRef = C4CDA8751F17434C00753215 /* FixturesViewController.swift */; };
		C4CDA8791F17454700753215 /* FixturesTableViewCell.swift in Sources */ = {isa = PBXBuildFile; fileRef = C4CDA8771F17454700753215 /* FixturesTableViewCell.swift */; };
		C4CDA87A1F17454700753215 /* FixturesTableViewCell.xib in Resources */ = {isa = PBXBuildFile; fileRef = C4CDA8781F17454700753215 /* FixturesTableViewCell.xib */; };
		C4CDA87C1F174C5200753215 /* fixturesItems.swift in Sources */ = {isa = PBXBuildFile; fileRef = C4CDA87B1F174C5200753215 /* fixturesItems.swift */; };
		C4CDA87E1F1760A900753215 /* VideosViewController.swift in Sources */ = {isa = PBXBuildFile; fileRef = C4CDA87D1F1760A900753215 /* VideosViewController.swift */; };
		C4CDA8801F1768C500753215 /* CommentaryViewController.swift in Sources */ = {isa = PBXBuildFile; fileRef = C4CDA87F1F1768C500753215 /* CommentaryViewController.swift */; };
		C4CDA8821F176CE800753215 /* CommentaryItems.swift in Sources */ = {isa = PBXBuildFile; fileRef = C4CDA8811F176CE800753215 /* CommentaryItems.swift */; };
/* End PBXBuildFile section */

/* Begin PBXContainerItemProxy section */
		C486D9951F160ABB00657D4C /* PBXContainerItemProxy */ = {
			isa = PBXContainerItemProxy;
			containerPortal = C486D9781F160ABB00657D4C /* Project object */;
			proxyType = 1;
			remoteGlobalIDString = C486D97F1F160ABB00657D4C;
			remoteInfo = BluesFansClub;
		};
		C486D9A01F160ABB00657D4C /* PBXContainerItemProxy */ = {
			isa = PBXContainerItemProxy;
			containerPortal = C486D9781F160ABB00657D4C /* Project object */;
			proxyType = 1;
			remoteGlobalIDString = C486D97F1F160ABB00657D4C;
			remoteInfo = BluesFansClub;
		};
/* End PBXContainerItemProxy section */

/* Begin PBXFileReference section */
		5EA6FE91A2F1FBB40BFF2DF0 /* Pods-BluesFansClub.release.xcconfig */ = {isa = PBXFileReference; includeInIndex = 1; lastKnownFileType = text.xcconfig; name = "Pods-BluesFansClub.release.xcconfig"; path = "Pods/Target Support Files/Pods-BluesFansClub/Pods-BluesFansClub.release.xcconfig"; sourceTree = "<group>"; };
		68066DD4BF8AFBEFFF529FC2 /* Pods_BluesFansClub.framework */ = {isa = PBXFileReference; explicitFileType = wrapper.framework; includeInIndex = 0; path = Pods_BluesFansClub.framework; sourceTree = BUILT_PRODUCTS_DIR; };
		A1347852F5325EC2B356A437 /* Pods-BluesFansClub.debug.xcconfig */ = {isa = PBXFileReference; includeInIndex = 1; lastKnownFileType = text.xcconfig; name = "Pods-BluesFansClub.debug.xcconfig"; path = "Pods/Target Support Files/Pods-BluesFansClub/Pods-BluesFansClub.debug.xcconfig"; sourceTree = "<group>"; };
		C41B6D2E1F163C1000A9B9C2 /* GoogleService-Info.plist */ = {isa = PBXFileReference; fileEncoding = 4; lastKnownFileType = text.plist.xml; path = "GoogleService-Info.plist"; sourceTree = "<group>"; };
		C44922F31F25D05800583018 /* HelpViewController.swift */ = {isa = PBXFileReference; fileEncoding = 4; lastKnownFileType = sourcecode.swift; path = HelpViewController.swift; sourceTree = "<group>"; };
		C44922F51F25D12400583018 /* HelpItem.swift */ = {isa = PBXFileReference; fileEncoding = 4; lastKnownFileType = sourcecode.swift; path = HelpItem.swift; sourceTree = "<group>"; };
		C44922F71F25D36200583018 /* HelpCellTableViewCell.swift */ = {isa = PBXFileReference; fileEncoding = 4; lastKnownFileType = sourcecode.swift; path = HelpCellTableViewCell.swift; sourceTree = "<group>"; };
		C44922F81F25D36200583018 /* HelpCellTableViewCell.xib */ = {isa = PBXFileReference; fileEncoding = 4; lastKnownFileType = file.xib; path = HelpCellTableViewCell.xib; sourceTree = "<group>"; };
		C44922FB1F26075900583018 /* History.swift */ = {isa = PBXFileReference; fileEncoding = 4; lastKnownFileType = sourcecode.swift; path = History.swift; sourceTree = "<group>"; };
		C44922FD1F260B0700583018 /* Owner.swift */ = {isa = PBXFileReference; fileEncoding = 4; lastKnownFileType = sourcecode.swift; path = Owner.swift; sourceTree = "<group>"; };
		C44922FF1F260B3200583018 /* Management.swift */ = {isa = PBXFileReference; fileEncoding = 4; lastKnownFileType = sourcecode.swift; path = Management.swift; sourceTree = "<group>"; };
		C44923011F260B6900583018 /* StadiumInfo.swift */ = {isa = PBXFileReference; fileEncoding = 4; lastKnownFileType = sourcecode.swift; path = StadiumInfo.swift; sourceTree = "<group>"; };
		C486D9801F160ABB00657D4C /* BluesFansClub.app */ = {isa = PBXFileReference; explicitFileType = wrapper.application; includeInIndex = 0; path = BluesFansClub.app; sourceTree = BUILT_PRODUCTS_DIR; };
		C486D9831F160ABB00657D4C /* AppDelegate.swift */ = {isa = PBXFileReference; lastKnownFileType = sourcecode.swift; path = AppDelegate.swift; sourceTree = "<group>"; };
		C486D9851F160ABB00657D4C /* ViewController.swift */ = {isa = PBXFileReference; lastKnownFileType = sourcecode.swift; path = ViewController.swift; sourceTree = "<group>"; };
		C486D9881F160ABB00657D4C /* Base */ = {isa = PBXFileReference; lastKnownFileType = file.storyboard; name = Base; path = Base.lproj/Main.storyboard; sourceTree = "<group>"; };
		C486D98A1F160ABB00657D4C /* Assets.xcassets */ = {isa = PBXFileReference; lastKnownFileType = folder.assetcatalog; path = Assets.xcassets; sourceTree = "<group>"; };
		C486D98D1F160ABB00657D4C /* Base */ = {isa = PBXFileReference; lastKnownFileType = file.storyboard; name = Base; path = Base.lproj/LaunchScreen.storyboard; sourceTree = "<group>"; };
		C486D98F1F160ABB00657D4C /* Info.plist */ = {isa = PBXFileReference; lastKnownFileType = text.plist.xml; path = Info.plist; sourceTree = "<group>"; };
		C486D9941F160ABB00657D4C /* BluesFansClubTests.xctest */ = {isa = PBXFileReference; explicitFileType = wrapper.cfbundle; includeInIndex = 0; path = BluesFansClubTests.xctest; sourceTree = BUILT_PRODUCTS_DIR; };
		C486D9981F160ABB00657D4C /* BluesFansClubTests.swift */ = {isa = PBXFileReference; lastKnownFileType = sourcecode.swift; path = BluesFansClubTests.swift; sourceTree = "<group>"; };
		C486D99A1F160ABB00657D4C /* Info.plist */ = {isa = PBXFileReference; lastKnownFileType = text.plist.xml; path = Info.plist; sourceTree = "<group>"; };
		C486D99F1F160ABB00657D4C /* BluesFansClubUITests.xctest */ = {isa = PBXFileReference; explicitFileType = wrapper.cfbundle; includeInIndex = 0; path = BluesFansClubUITests.xctest; sourceTree = BUILT_PRODUCTS_DIR; };
		C486D9A31F160ABB00657D4C /* BluesFansClubUITests.swift */ = {isa = PBXFileReference; lastKnownFileType = sourcecode.swift; path = BluesFansClubUITests.swift; sourceTree = "<group>"; };
		C486D9A51F160ABB00657D4C /* Info.plist */ = {isa = PBXFileReference; lastKnownFileType = text.plist.xml; path = Info.plist; sourceTree = "<group>"; };
		C486D9B11F16159E00657D4C /* NewsTitleViewController.swift */ = {isa = PBXFileReference; fileEncoding = 4; lastKnownFileType = sourcecode.swift; path = NewsTitleViewController.swift; sourceTree = "<group>"; };
		C486D9B31F1626CE00657D4C /* NewsTableViewCell.swift */ = {isa = PBXFileReference; fileEncoding = 4; lastKnownFileType = sourcecode.swift; path = NewsTableViewCell.swift; sourceTree = "<group>"; };
		C486D9B41F1626CE00657D4C /* NewsTableViewCell.xib */ = {isa = PBXFileReference; fileEncoding = 4; lastKnownFileType = file.xib; path = NewsTableViewCell.xib; sourceTree = "<group>"; };
		C486D9B71F162A5B00657D4C /* DetailedNewsViewController.swift */ = {isa = PBXFileReference; fileEncoding = 4; lastKnownFileType = sourcecode.swift; path = DetailedNewsViewController.swift; sourceTree = "<group>"; };
		C497CC301F20D01F0048717B /* Chants.swift */ = {isa = PBXFileReference; fileEncoding = 4; lastKnownFileType = sourcecode.swift; path = Chants.swift; sourceTree = "<group>"; };
		C4AD87FB1F16426D0066F18C /* NewsItems.swift */ = {isa = PBXFileReference; fileEncoding = 4; lastKnownFileType = sourcecode.swift; path = NewsItems.swift; sourceTree = "<group>"; };
		C4B343681F1E302E009CB7F5 /* CurrentSquadViewController.swift */ = {isa = PBXFileReference; fileEncoding = 4; lastKnownFileType = sourcecode.swift; path = CurrentSquadViewController.swift; sourceTree = "<group>"; };
		C4C0268D1F21F0C3009012BC /* MainTableTableViewCell.swift */ = {isa = PBXFileReference; fileEncoding = 4; lastKnownFileType = sourcecode.swift; path = MainTableTableViewCell.swift; sourceTree = "<group>"; };
		C4C0268E1F21F0C3009012BC /* MainTableTableViewCell.xib */ = {isa = PBXFileReference; fileEncoding = 4; lastKnownFileType = file.xib; path = MainTableTableViewCell.xib; sourceTree = "<group>"; };
		C4C026911F21F8D2009012BC /* CurrentSquad.swift */ = {isa = PBXFileReference; fileEncoding = 4; lastKnownFileType = sourcecode.swift; path = CurrentSquad.swift; sourceTree = "<group>"; };
		C4C0CC411F1F2B5000D2EE7F /* AboutClub.swift */ = {isa = PBXFileReference; fileEncoding = 4; lastKnownFileType = sourcecode.swift; path = AboutClub.swift; sourceTree = "<group>"; };
		C4C216501F271B40008C0D38 /* PrivacyPolicy.swift */ = {isa = PBXFileReference; fileEncoding = 4; lastKnownFileType = sourcecode.swift; path = PrivacyPolicy.swift; sourceTree = "<group>"; };
		C4C216541F271D91008C0D38 /* TermsAndConditions.swift */ = {isa = PBXFileReference; fileEncoding = 4; lastKnownFileType = sourcecode.swift; path = TermsAndConditions.swift; sourceTree = "<group>"; };
		C4C2C8081F28682F000D0B37 /* AboutClubViewController.swift */ = {isa = PBXFileReference; fileEncoding = 4; lastKnownFileType = sourcecode.swift; path = AboutClubViewController.swift; sourceTree = "<group>"; };
		C4C2C80C1F2869AA000D0B37 /* ChantsViewController.swift */ = {isa = PBXFileReference; fileEncoding = 4; lastKnownFileType = sourcecode.swift; path = ChantsViewController.swift; sourceTree = "<group>"; };
		C4C2C80E1F287170000D0B37 /* ManagementViewController.swift */ = {isa = PBXFileReference; fileEncoding = 4; lastKnownFileType = sourcecode.swift; path = ManagementViewController.swift; sourceTree = "<group>"; };
		C4C2C8101F287181000D0B37 /* StadiumInfoViewController.swift */ = {isa = PBXFileReference; fileEncoding = 4; lastKnownFileType = sourcecode.swift; path = StadiumInfoViewController.swift; sourceTree = "<group>"; };
		C4C2C8121F287195000D0B37 /* HistoryViewController.swift */ = {isa = PBXFileReference; fileEncoding = 4; lastKnownFileType = sourcecode.swift; path = HistoryViewController.swift; sourceTree = "<group>"; };
		C4C2C8141F287D2D000D0B37 /* AboutOwnerViewController.swift */ = {isa = PBXFileReference; fileEncoding = 4; lastKnownFileType = sourcecode.swift; path = AboutOwnerViewController.swift; sourceTree = "<group>"; };
		C4C30EA91F1C8824009FD0BB /* AboutUsViewController.swift */ = {isa = PBXFileReference; fileEncoding = 4; lastKnownFileType = sourcecode.swift; path = AboutUsViewController.swift; sourceTree = "<group>"; };
		C4C30EAB1F1C894F009FD0BB /* AboutUsItems.swift */ = {isa = PBXFileReference; fileEncoding = 4; lastKnownFileType = sourcecode.swift; path = AboutUsItems.swift; sourceTree = "<group>"; };
		C4C30EAD1F1C967A009FD0BB /* FeedbackViewController.swift */ = {isa = PBXFileReference; fileEncoding = 4; lastKnownFileType = sourcecode.swift; path = FeedbackViewController.swift; sourceTree = "<group>"; };
		C4CDA8751F17434C00753215 /* FixturesViewController.swift */ = {isa = PBXFileReference; fileEncoding = 4; lastKnownFileType = sourcecode.swift; path = FixturesViewController.swift; sourceTree = "<group>"; };
		C4CDA8771F17454700753215 /* FixturesTableViewCell.swift */ = {isa = PBXFileReference; fileEncoding = 4; lastKnownFileType = sourcecode.swift; path = FixturesTableViewCell.swift; sourceTree = "<group>"; };
		C4CDA8781F17454700753215 /* FixturesTableViewCell.xib */ = {isa = PBXFileReference; fileEncoding = 4; lastKnownFileType = file.xib; path = FixturesTableViewCell.xib; sourceTree = "<group>"; };
		C4CDA87B1F174C5200753215 /* fixturesItems.swift */ = {isa = PBXFileReference; fileEncoding = 4; lastKnownFileType = sourcecode.swift; path = fixturesItems.swift; sourceTree = "<group>"; };
		C4CDA87D1F1760A900753215 /* VideosViewController.swift */ = {isa = PBXFileReference; fileEncoding = 4; lastKnownFileType = sourcecode.swift; path = VideosViewController.swift; sourceTree = "<group>"; };
		C4CDA87F1F1768C500753215 /* CommentaryViewController.swift */ = {isa = PBXFileReference; fileEncoding = 4; lastKnownFileType = sourcecode.swift; path = CommentaryViewController.swift; sourceTree = "<group>"; };
		C4CDA8811F176CE800753215 /* CommentaryItems.swift */ = {isa = PBXFileReference; fileEncoding = 4; lastKnownFileType = sourcecode.swift; path = CommentaryItems.swift; sourceTree = "<group>"; };
/* End PBXFileReference section */

/* Begin PBXFrameworksBuildPhase section */
		C486D97D1F160ABB00657D4C /* Frameworks */ = {
			isa = PBXFrameworksBuildPhase;
			buildActionMask = 2147483647;
			files = (
				C47B1C538FD0E5BF02631914 /* Pods_BluesFansClub.framework in Frameworks */,
			);
			runOnlyForDeploymentPostprocessing = 0;
		};
		C486D9911F160ABB00657D4C /* Frameworks */ = {
			isa = PBXFrameworksBuildPhase;
			buildActionMask = 2147483647;
			files = (
			);
			runOnlyForDeploymentPostprocessing = 0;
		};
		C486D99C1F160ABB00657D4C /* Frameworks */ = {
			isa = PBXFrameworksBuildPhase;
			buildActionMask = 2147483647;
			files = (
			);
			runOnlyForDeploymentPostprocessing = 0;
		};
/* End PBXFrameworksBuildPhase section */

/* Begin PBXGroup section */
		362596A407E7C4C702184406 /* Pods */ = {
			isa = PBXGroup;
			children = (
				A1347852F5325EC2B356A437 /* Pods-BluesFansClub.debug.xcconfig */,
				5EA6FE91A2F1FBB40BFF2DF0 /* Pods-BluesFansClub.release.xcconfig */,
			);
			name = Pods;
			sourceTree = "<group>";
		};
		3B226179D6BF0FD402BD9C57 /* Frameworks */ = {
			isa = PBXGroup;
			children = (
				68066DD4BF8AFBEFFF529FC2 /* Pods_BluesFansClub.framework */,
			);
			name = Frameworks;
			sourceTree = "<group>";
		};
		C486D9771F160ABB00657D4C = {
			isa = PBXGroup;
			children = (
				C486D9821F160ABB00657D4C /* BluesFansClub */,
				C486D9971F160ABB00657D4C /* BluesFansClubTests */,
				C486D9A21F160ABB00657D4C /* BluesFansClubUITests */,
				C486D9811F160ABB00657D4C /* Products */,
				362596A407E7C4C702184406 /* Pods */,
				3B226179D6BF0FD402BD9C57 /* Frameworks */,
			);
			sourceTree = "<group>";
		};
		C486D9811F160ABB00657D4C /* Products */ = {
			isa = PBXGroup;
			children = (
				C486D9801F160ABB00657D4C /* BluesFansClub.app */,
				C486D9941F160ABB00657D4C /* BluesFansClubTests.xctest */,
				C486D99F1F160ABB00657D4C /* BluesFansClubUITests.xctest */,
			);
			name = Products;
			sourceTree = "<group>";
		};
		C486D9821F160ABB00657D4C /* BluesFansClub */ = {
			isa = PBXGroup;
			children = (
				C486D9831F160ABB00657D4C /* AppDelegate.swift */,
				C4CDA8741F1742E100753215 /* ModalClass */,
				C486D9851F160ABB00657D4C /* ViewController.swift */,
				C486D9B31F1626CE00657D4C /* NewsTableViewCell.swift */,
				C486D9B41F1626CE00657D4C /* NewsTableViewCell.xib */,
				C486D9B11F16159E00657D4C /* NewsTitleViewController.swift */,
				C4CDA8771F17454700753215 /* FixturesTableViewCell.swift */,
				C4CDA8781F17454700753215 /* FixturesTableViewCell.xib */,
				C4CDA8751F17434C00753215 /* FixturesViewController.swift */,
				C4C0268D1F21F0C3009012BC /* MainTableTableViewCell.swift */,
				C4C0268E1F21F0C3009012BC /* MainTableTableViewCell.xib */,
				C44922F71F25D36200583018 /* HelpCellTableViewCell.swift */,
				C44922F81F25D36200583018 /* HelpCellTableViewCell.xib */,
				C4C30EA91F1C8824009FD0BB /* AboutUsViewController.swift */,
				C486D9B71F162A5B00657D4C /* DetailedNewsViewController.swift */,
				C4CDA87F1F1768C500753215 /* CommentaryViewController.swift */,
				C4C30EAD1F1C967A009FD0BB /* FeedbackViewController.swift */,
				C44922F31F25D05800583018 /* HelpViewController.swift */,
				C4C2C8081F28682F000D0B37 /* AboutClubViewController.swift */,
				C4CDA87D1F1760A900753215 /* VideosViewController.swift */,
				C4C2C80C1F2869AA000D0B37 /* ChantsViewController.swift */,
				C4C2C80B1F286976000D0B37 /* AboutClub */,
				C486D9871F160ABB00657D4C /* Main.storyboard */,
				C486D98A1F160ABB00657D4C /* Assets.xcassets */,
				C486D98C1F160ABB00657D4C /* LaunchScreen.storyboard */,
				C41B6D2E1F163C1000A9B9C2 /* GoogleService-Info.plist */,
				C486D98F1F160ABB00657D4C /* Info.plist */,
			);
			path = BluesFansClub;
			sourceTree = "<group>";
		};
		C486D9971F160ABB00657D4C /* BluesFansClubTests */ = {
			isa = PBXGroup;
			children = (
				C486D9981F160ABB00657D4C /* BluesFansClubTests.swift */,
				C486D99A1F160ABB00657D4C /* Info.plist */,
			);
			path = BluesFansClubTests;
			sourceTree = "<group>";
		};
		C486D9A21F160ABB00657D4C /* BluesFansClubUITests */ = {
			isa = PBXGroup;
			children = (
				C486D9A31F160ABB00657D4C /* BluesFansClubUITests.swift */,
				C486D9A51F160ABB00657D4C /* Info.plist */,
			);
			path = BluesFansClubUITests;
			sourceTree = "<group>";
		};
		C4C2C80B1F286976000D0B37 /* AboutClub */ = {
			isa = PBXGroup;
			children = (
				C4B343681F1E302E009CB7F5 /* CurrentSquadViewController.swift */,
				C4C2C80E1F287170000D0B37 /* ManagementViewController.swift */,
				C4C2C8101F287181000D0B37 /* StadiumInfoViewController.swift */,
				C4C2C8121F287195000D0B37 /* HistoryViewController.swift */,
				C4C2C8141F287D2D000D0B37 /* AboutOwnerViewController.swift */,
			);
			name = AboutClub;
			sourceTree = "<group>";
		};
		C4CDA8741F1742E100753215 /* ModalClass */ = {
			isa = PBXGroup;
			children = (
				C4AD87FB1F16426D0066F18C /* NewsItems.swift */,
				C4CDA87B1F174C5200753215 /* fixturesItems.swift */,
				C4CDA8811F176CE800753215 /* CommentaryItems.swift */,
				C4C30EAB1F1C894F009FD0BB /* AboutUsItems.swift */,
				C4C0CC411F1F2B5000D2EE7F /* AboutClub.swift */,
				C497CC301F20D01F0048717B /* Chants.swift */,
				C4C026911F21F8D2009012BC /* CurrentSquad.swift */,
				C44922F51F25D12400583018 /* HelpItem.swift */,
				C44922FB1F26075900583018 /* History.swift */,
				C44922FD1F260B0700583018 /* Owner.swift */,
				C44922FF1F260B3200583018 /* Management.swift */,
				C44923011F260B6900583018 /* StadiumInfo.swift */,
				C4C216501F271B40008C0D38 /* PrivacyPolicy.swift */,
				C4C216541F271D91008C0D38 /* TermsAndConditions.swift */,
			);
			name = ModalClass;
			sourceTree = "<group>";
		};
/* End PBXGroup section */

/* Begin PBXNativeTarget section */
		C486D97F1F160ABB00657D4C /* BluesFansClub */ = {
			isa = PBXNativeTarget;
			buildConfigurationList = C486D9A81F160ABB00657D4C /* Build configuration list for PBXNativeTarget "BluesFansClub" */;
			buildPhases = (
				8FF9965B2A4DA58D058A7F7A /* [CP] Check Pods Manifest.lock */,
				C486D97C1F160ABB00657D4C /* Sources */,
				C486D97D1F160ABB00657D4C /* Frameworks */,
				C486D97E1F160ABB00657D4C /* Resources */,
				3B0EEE19EF74651389ECA7FC /* [CP] Embed Pods Frameworks */,
				EEB6434F275ACA5D4774D2D2 /* [CP] Copy Pods Resources */,
			);
			buildRules = (
			);
			dependencies = (
			);
			name = BluesFansClub;
			productName = BluesFansClub;
			productReference = C486D9801F160ABB00657D4C /* BluesFansClub.app */;
			productType = "com.apple.product-type.application";
		};
		C486D9931F160ABB00657D4C /* BluesFansClubTests */ = {
			isa = PBXNativeTarget;
			buildConfigurationList = C486D9AB1F160ABB00657D4C /* Build configuration list for PBXNativeTarget "BluesFansClubTests" */;
			buildPhases = (
				C486D9901F160ABB00657D4C /* Sources */,
				C486D9911F160ABB00657D4C /* Frameworks */,
				C486D9921F160ABB00657D4C /* Resources */,
			);
			buildRules = (
			);
			dependencies = (
				C486D9961F160ABB00657D4C /* PBXTargetDependency */,
			);
			name = BluesFansClubTests;
			productName = BluesFansClubTests;
			productReference = C486D9941F160ABB00657D4C /* BluesFansClubTests.xctest */;
			productType = "com.apple.product-type.bundle.unit-test";
		};
		C486D99E1F160ABB00657D4C /* BluesFansClubUITests */ = {
			isa = PBXNativeTarget;
			buildConfigurationList = C486D9AE1F160ABB00657D4C /* Build configuration list for PBXNativeTarget "BluesFansClubUITests" */;
			buildPhases = (
				C486D99B1F160ABB00657D4C /* Sources */,
				C486D99C1F160ABB00657D4C /* Frameworks */,
				C486D99D1F160ABB00657D4C /* Resources */,
			);
			buildRules = (
			);
			dependencies = (
				C486D9A11F160ABB00657D4C /* PBXTargetDependency */,
			);
			name = BluesFansClubUITests;
			productName = BluesFansClubUITests;
			productReference = C486D99F1F160ABB00657D4C /* BluesFansClubUITests.xctest */;
			productType = "com.apple.product-type.bundle.ui-testing";
		};
/* End PBXNativeTarget section */

/* Begin PBXProject section */
		C486D9781F160ABB00657D4C /* Project object */ = {
			isa = PBXProject;
			attributes = {
				LastSwiftUpdateCheck = 0830;
				LastUpgradeCheck = 0830;
				ORGANIZATIONNAME = "Aryabhata I";
				TargetAttributes = {
					C486D97F1F160ABB00657D4C = {
						CreatedOnToolsVersion = 8.3.3;
						ProvisioningStyle = Manual;
					};
					C486D9931F160ABB00657D4C = {
						CreatedOnToolsVersion = 8.3.3;
						DevelopmentTeam = 5MQC4227GN;
						ProvisioningStyle = Automatic;
						TestTargetID = C486D97F1F160ABB00657D4C;
					};
					C486D99E1F160ABB00657D4C = {
						CreatedOnToolsVersion = 8.3.3;
						DevelopmentTeam = 5MQC4227GN;
						ProvisioningStyle = Automatic;
						TestTargetID = C486D97F1F160ABB00657D4C;
					};
				};
			};
			buildConfigurationList = C486D97B1F160ABB00657D4C /* Build configuration list for PBXProject "BluesFansClub" */;
			compatibilityVersion = "Xcode 3.2";
			developmentRegion = English;
			hasScannedForEncodings = 0;
			knownRegions = (
				en,
				Base,
			);
			mainGroup = C486D9771F160ABB00657D4C;
			productRefGroup = C486D9811F160ABB00657D4C /* Products */;
			projectDirPath = "";
			projectRoot = "";
			targets = (
				C486D97F1F160ABB00657D4C /* BluesFansClub */,
				C486D9931F160ABB00657D4C /* BluesFansClubTests */,
				C486D99E1F160ABB00657D4C /* BluesFansClubUITests */,
			);
		};
/* End PBXProject section */

/* Begin PBXResourcesBuildPhase section */
		C486D97E1F160ABB00657D4C /* Resources */ = {
			isa = PBXResourcesBuildPhase;
			buildActionMask = 2147483647;
			files = (
				C41B6D2F1F163C1000A9B9C2 /* GoogleService-Info.plist in Resources */,
				C486D98E1F160ABB00657D4C /* LaunchScreen.storyboard in Resources */,
				C486D98B1F160ABB00657D4C /* Assets.xcassets in Resources */,
				C4C026901F21F0C3009012BC /* MainTableTableViewCell.xib in Resources */,
				C4CDA87A1F17454700753215 /* FixturesTableViewCell.xib in Resources */,
				C486D9B61F1626CE00657D4C /* NewsTableViewCell.xib in Resources */,
				C44922FA1F25D36200583018 /* HelpCellTableViewCell.xib in Resources */,
				C486D9891F160ABB00657D4C /* Main.storyboard in Resources */,
			);
			runOnlyForDeploymentPostprocessing = 0;
		};
		C486D9921F160ABB00657D4C /* Resources */ = {
			isa = PBXResourcesBuildPhase;
			buildActionMask = 2147483647;
			files = (
			);
			runOnlyForDeploymentPostprocessing = 0;
		};
		C486D99D1F160ABB00657D4C /* Resources */ = {
			isa = PBXResourcesBuildPhase;
			buildActionMask = 2147483647;
			files = (
			);
			runOnlyForDeploymentPostprocessing = 0;
		};
/* End PBXResourcesBuildPhase section */

/* Begin PBXShellScriptBuildPhase section */
		3B0EEE19EF74651389ECA7FC /* [CP] Embed Pods Frameworks */ = {
			isa = PBXShellScriptBuildPhase;
			buildActionMask = 2147483647;
			files = (
			);
			inputPaths = (
			);
			name = "[CP] Embed Pods Frameworks";
			outputPaths = (
			);
			runOnlyForDeploymentPostprocessing = 0;
			shellPath = /bin/sh;
			shellScript = "\"${SRCROOT}/Pods/Target Support Files/Pods-BluesFansClub/Pods-BluesFansClub-frameworks.sh\"\n";
			showEnvVarsInLog = 0;
		};
		8FF9965B2A4DA58D058A7F7A /* [CP] Check Pods Manifest.lock */ = {
			isa = PBXShellScriptBuildPhase;
			buildActionMask = 2147483647;
			files = (
			);
			inputPaths = (
			);
			name = "[CP] Check Pods Manifest.lock";
			outputPaths = (
			);
			runOnlyForDeploymentPostprocessing = 0;
			shellPath = /bin/sh;
			shellScript = "diff \"${PODS_PODFILE_DIR_PATH}/Podfile.lock\" \"${PODS_ROOT}/Manifest.lock\" > /dev/null\nif [ $? != 0 ] ; then\n    # print error to STDERR\n    echo \"error: The sandbox is not in sync with the Podfile.lock. Run 'pod install' or update your CocoaPods installation.\" >&2\n    exit 1\nfi\n";
			showEnvVarsInLog = 0;
		};
		EEB6434F275ACA5D4774D2D2 /* [CP] Copy Pods Resources */ = {
			isa = PBXShellScriptBuildPhase;
			buildActionMask = 2147483647;
			files = (
			);
			inputPaths = (
			);
			name = "[CP] Copy Pods Resources";
			outputPaths = (
			);
			runOnlyForDeploymentPostprocessing = 0;
			shellPath = /bin/sh;
			shellScript = "\"${SRCROOT}/Pods/Target Support Files/Pods-BluesFansClub/Pods-BluesFansClub-resources.sh\"\n";
			showEnvVarsInLog = 0;
		};
/* End PBXShellScriptBuildPhase section */

/* Begin PBXSourcesBuildPhase section */
		C486D97C1F160ABB00657D4C /* Sources */ = {
			isa = PBXSourcesBuildPhase;
			buildActionMask = 2147483647;
			files = (
				C4CDA8801F1768C500753215 /* CommentaryViewController.swift in Sources */,
				C4C30EAA1F1C8824009FD0BB /* AboutUsViewController.swift in Sources */,
				C44922F91F25D36200583018 /* HelpCellTableViewCell.swift in Sources */,
				C4CDA8821F176CE800753215 /* CommentaryItems.swift in Sources */,
				C4CDA87E1F1760A900753215 /* VideosViewController.swift in Sources */,
				C4B343691F1E302E009CB7F5 /* CurrentSquadViewController.swift in Sources */,
				C4C30EAC1F1C894F009FD0BB /* AboutUsItems.swift in Sources */,
				C497CC311F20D01F0048717B /* Chants.swift in Sources */,
				C4C0268F1F21F0C3009012BC /* MainTableTableViewCell.swift in Sources */,
				C44923001F260B3200583018 /* Management.swift in Sources */,
				C4C216511F271B40008C0D38 /* PrivacyPolicy.swift in Sources */,
				C44922FC1F26075900583018 /* History.swift in Sources */,
				C4CDA8761F17434C00753215 /* FixturesViewController.swift in Sources */,
				C486D9861F160ABB00657D4C /* ViewController.swift in Sources */,
				C486D9B21F16159E00657D4C /* NewsTitleViewController.swift in Sources */,
				C44922FE1F260B0700583018 /* Owner.swift in Sources */,
				C44922F41F25D05800583018 /* HelpViewController.swift in Sources */,
				C4CDA8791F17454700753215 /* FixturesTableViewCell.swift in Sources */,
				C486D9B51F1626CE00657D4C /* NewsTableViewCell.swift in Sources */,
				C4AD87FC1F16426D0066F18C /* NewsItems.swift in Sources */,
				C4C2C8111F287181000D0B37 /* StadiumInfoViewController.swift in Sources */,
				C486D9B81F162A5B00657D4C /* DetailedNewsViewController.swift in Sources */,
				C4C2C8151F287D2D000D0B37 /* AboutOwnerViewController.swift in Sources */,
				C4C2C80D1F2869AA000D0B37 /* ChantsViewController.swift in Sources */,
				C4C2C80F1F287170000D0B37 /* ManagementViewController.swift in Sources */,
				C4C216551F271D91008C0D38 /* TermsAndConditions.swift in Sources */,
				C44922F61F25D12400583018 /* HelpItem.swift in Sources */,
				C4CDA87C1F174C5200753215 /* fixturesItems.swift in Sources */,
				C44923021F260B6900583018 /* StadiumInfo.swift in Sources */,
				C4C2C8091F28682F000D0B37 /* AboutClubViewController.swift in Sources */,
				C4C30EAE1F1C967A009FD0BB /* FeedbackViewController.swift in Sources */,
				C4C026921F21F8D2009012BC /* CurrentSquad.swift in Sources */,
				C486D9841F160ABB00657D4C /* AppDelegate.swift in Sources */,
				C4C2C8131F287195000D0B37 /* HistoryViewController.swift in Sources */,
				C4C0CC421F1F2B5000D2EE7F /* AboutClub.swift in Sources */,
			);
			runOnlyForDeploymentPostprocessing = 0;
		};
		C486D9901F160ABB00657D4C /* Sources */ = {
			isa = PBXSourcesBuildPhase;
			buildActionMask = 2147483647;
			files = (
				C486D9991F160ABB00657D4C /* BluesFansClubTests.swift in Sources */,
			);
			runOnlyForDeploymentPostprocessing = 0;
		};
		C486D99B1F160ABB00657D4C /* Sources */ = {
			isa = PBXSourcesBuildPhase;
			buildActionMask = 2147483647;
			files = (
				C486D9A41F160ABB00657D4C /* BluesFansClubUITests.swift in Sources */,
			);
			runOnlyForDeploymentPostprocessing = 0;
		};
/* End PBXSourcesBuildPhase section */

/* Begin PBXTargetDependency section */
		C486D9961F160ABB00657D4C /* PBXTargetDependency */ = {
			isa = PBXTargetDependency;
			target = C486D97F1F160ABB00657D4C /* BluesFansClub */;
			targetProxy = C486D9951F160ABB00657D4C /* PBXContainerItemProxy */;
		};
		C486D9A11F160ABB00657D4C /* PBXTargetDependency */ = {
			isa = PBXTargetDependency;
			target = C486D97F1F160ABB00657D4C /* BluesFansClub */;
			targetProxy = C486D9A01F160ABB00657D4C /* PBXContainerItemProxy */;
		};
/* End PBXTargetDependency section */

/* Begin PBXVariantGroup section */
		C486D9871F160ABB00657D4C /* Main.storyboard */ = {
			isa = PBXVariantGroup;
			children = (
				C486D9881F160ABB00657D4C /* Base */,
			);
			name = Main.storyboard;
			sourceTree = "<group>";
		};
		C486D98C1F160ABB00657D4C /* LaunchScreen.storyboard */ = {
			isa = PBXVariantGroup;
			children = (
				C486D98D1F160ABB00657D4C /* Base */,
			);
			name = LaunchScreen.storyboard;
			sourceTree = "<group>";
		};
/* End PBXVariantGroup section */

/* Begin XCBuildConfiguration section */
		C486D9A61F160ABB00657D4C /* Debug */ = {
			isa = XCBuildConfiguration;
			buildSettings = {
				ALWAYS_SEARCH_USER_PATHS = NO;
				CLANG_ANALYZER_NONNULL = YES;
				CLANG_ANALYZER_NUMBER_OBJECT_CONVERSION = YES_AGGRESSIVE;
				CLANG_CXX_LANGUAGE_STANDARD = "gnu++0x";
				CLANG_CXX_LIBRARY = "libc++";
				CLANG_ENABLE_MODULES = YES;
				CLANG_ENABLE_OBJC_ARC = YES;
				CLANG_WARN_BOOL_CONVERSION = YES;
				CLANG_WARN_CONSTANT_CONVERSION = YES;
				CLANG_WARN_DIRECT_OBJC_ISA_USAGE = YES_ERROR;
				CLANG_WARN_DOCUMENTATION_COMMENTS = YES;
				CLANG_WARN_EMPTY_BODY = YES;
				CLANG_WARN_ENUM_CONVERSION = YES;
				CLANG_WARN_INFINITE_RECURSION = YES;
				CLANG_WARN_INT_CONVERSION = YES;
				CLANG_WARN_OBJC_ROOT_CLASS = YES_ERROR;
				CLANG_WARN_SUSPICIOUS_MOVE = YES;
				CLANG_WARN_UNREACHABLE_CODE = YES;
				CLANG_WARN__DUPLICATE_METHOD_MATCH = YES;
				"CODE_SIGN_IDENTITY[sdk=iphoneos*]" = "iPhone Developer";
				COPY_PHASE_STRIP = NO;
				DEBUG_INFORMATION_FORMAT = dwarf;
				ENABLE_STRICT_OBJC_MSGSEND = YES;
				ENABLE_TESTABILITY = YES;
				GCC_C_LANGUAGE_STANDARD = gnu99;
				GCC_DYNAMIC_NO_PIC = NO;
				GCC_NO_COMMON_BLOCKS = YES;
				GCC_OPTIMIZATION_LEVEL = 0;
				GCC_PREPROCESSOR_DEFINITIONS = (
					"DEBUG=1",
					"$(inherited)",
				);
				GCC_WARN_64_TO_32_BIT_CONVERSION = YES;
				GCC_WARN_ABOUT_RETURN_TYPE = YES_ERROR;
				GCC_WARN_UNDECLARED_SELECTOR = YES;
				GCC_WARN_UNINITIALIZED_AUTOS = YES_AGGRESSIVE;
				GCC_WARN_UNUSED_FUNCTION = YES;
				GCC_WARN_UNUSED_VARIABLE = YES;
				IPHONEOS_DEPLOYMENT_TARGET = 10.3;
				MTL_ENABLE_DEBUG_INFO = YES;
				ONLY_ACTIVE_ARCH = YES;
				SDKROOT = iphoneos;
				SWIFT_ACTIVE_COMPILATION_CONDITIONS = DEBUG;
				SWIFT_OPTIMIZATION_LEVEL = "-Onone";
				TARGETED_DEVICE_FAMILY = "1,2";
			};
			name = Debug;
		};
		C486D9A71F160ABB00657D4C /* Release */ = {
			isa = XCBuildConfiguration;
			buildSettings = {
				ALWAYS_SEARCH_USER_PATHS = NO;
				CLANG_ANALYZER_NONNULL = YES;
				CLANG_ANALYZER_NUMBER_OBJECT_CONVERSION = YES_AGGRESSIVE;
				CLANG_CXX_LANGUAGE_STANDARD = "gnu++0x";
				CLANG_CXX_LIBRARY = "libc++";
				CLANG_ENABLE_MODULES = YES;
				CLANG_ENABLE_OBJC_ARC = YES;
				CLANG_WARN_BOOL_CONVERSION = YES;
				CLANG_WARN_CONSTANT_CONVERSION = YES;
				CLANG_WARN_DIRECT_OBJC_ISA_USAGE = YES_ERROR;
				CLANG_WARN_DOCUMENTATION_COMMENTS = YES;
				CLANG_WARN_EMPTY_BODY = YES;
				CLANG_WARN_ENUM_CONVERSION = YES;
				CLANG_WARN_INFINITE_RECURSION = YES;
				CLANG_WARN_INT_CONVERSION = YES;
				CLANG_WARN_OBJC_ROOT_CLASS = YES_ERROR;
				CLANG_WARN_SUSPICIOUS_MOVE = YES;
				CLANG_WARN_UNREACHABLE_CODE = YES;
				CLANG_WARN__DUPLICATE_METHOD_MATCH = YES;
				"CODE_SIGN_IDENTITY[sdk=iphoneos*]" = "iPhone Developer";
				COPY_PHASE_STRIP = NO;
				DEBUG_INFORMATION_FORMAT = "dwarf-with-dsym";
				ENABLE_NS_ASSERTIONS = NO;
				ENABLE_STRICT_OBJC_MSGSEND = YES;
				GCC_C_LANGUAGE_STANDARD = gnu99;
				GCC_NO_COMMON_BLOCKS = YES;
				GCC_WARN_64_TO_32_BIT_CONVERSION = YES;
				GCC_WARN_ABOUT_RETURN_TYPE = YES_ERROR;
				GCC_WARN_UNDECLARED_SELECTOR = YES;
				GCC_WARN_UNINITIALIZED_AUTOS = YES_AGGRESSIVE;
				GCC_WARN_UNUSED_FUNCTION = YES;
				GCC_WARN_UNUSED_VARIABLE = YES;
				IPHONEOS_DEPLOYMENT_TARGET = 10.3;
				MTL_ENABLE_DEBUG_INFO = NO;
				SDKROOT = iphoneos;
				SWIFT_OPTIMIZATION_LEVEL = "-Owholemodule";
				TARGETED_DEVICE_FAMILY = "1,2";
				VALIDATE_PRODUCT = YES;
			};
			name = Release;
		};
		C486D9A91F160ABB00657D4C /* Debug */ = {
			isa = XCBuildConfiguration;
			baseConfigurationReference = A1347852F5325EC2B356A437 /* Pods-BluesFansClub.debug.xcconfig */;
			buildSettings = {
				ASSETCATALOG_COMPILER_APPICON_NAME = AppIcon;
				DEVELOPMENT_TEAM = "";
				INFOPLIST_FILE = BluesFansClub/Info.plist;
				IPHONEOS_DEPLOYMENT_TARGET = 9.1;
				LD_RUNPATH_SEARCH_PATHS = "$(inherited) @executable_path/Frameworks";
				PRODUCT_BUNDLE_IDENTIFIER = com.infinitysports.BluesFansClub;
				PRODUCT_NAME = "$(TARGET_NAME)";
				PROVISIONING_PROFILE_SPECIFIER = "";
				SWIFT_VERSION = 3.0;
			};
			name = Debug;
		};
		C486D9AA1F160ABB00657D4C /* Release */ = {
			isa = XCBuildConfiguration;
			baseConfigurationReference = 5EA6FE91A2F1FBB40BFF2DF0 /* Pods-BluesFansClub.release.xcconfig */;
			buildSettings = {
				ASSETCATALOG_COMPILER_APPICON_NAME = AppIcon;
				DEVELOPMENT_TEAM = "";
				INFOPLIST_FILE = BluesFansClub/Info.plist;
				IPHONEOS_DEPLOYMENT_TARGET = 9.1;
				LD_RUNPATH_SEARCH_PATHS = "$(inherited) @executable_path/Frameworks";
				PRODUCT_BUNDLE_IDENTIFIER = com.infinitysports.BluesFansClub;
				PRODUCT_NAME = "$(TARGET_NAME)";
				PROVISIONING_PROFILE_SPECIFIER = "";
				SWIFT_VERSION = 3.0;
			};
			name = Release;
		};
		C486D9AC1F160ABB00657D4C /* Debug */ = {
			isa = XCBuildConfiguration;
			buildSettings = {
				ALWAYS_EMBED_SWIFT_STANDARD_LIBRARIES = YES;
				BUNDLE_LOADER = "$(TEST_HOST)";
				DEVELOPMENT_TEAM = 5MQC4227GN;
				INFOPLIST_FILE = BluesFansClubTests/Info.plist;
				LD_RUNPATH_SEARCH_PATHS = "$(inherited) @executable_path/Frameworks @loader_path/Frameworks";
				PRODUCT_BUNDLE_IDENTIFIER = com.infinitysports.BluesFansClubTests;
				PRODUCT_NAME = "$(TARGET_NAME)";
				SWIFT_VERSION = 3.0;
				TEST_HOST = "$(BUILT_PRODUCTS_DIR)/BluesFansClub.app/BluesFansClub";
			};
			name = Debug;
		};
		C486D9AD1F160ABB00657D4C /* Release */ = {
			isa = XCBuildConfiguration;
			buildSettings = {
				ALWAYS_EMBED_SWIFT_STANDARD_LIBRARIES = YES;
				BUNDLE_LOADER = "$(TEST_HOST)";
				DEVELOPMENT_TEAM = 5MQC4227GN;
				INFOPLIST_FILE = BluesFansClubTests/Info.plist;
				LD_RUNPATH_SEARCH_PATHS = "$(inherited) @executable_path/Frameworks @loader_path/Frameworks";
				PRODUCT_BUNDLE_IDENTIFIER = com.infinitysports.BluesFansClubTests;
				PRODUCT_NAME = "$(TARGET_NAME)";
				SWIFT_VERSION = 3.0;
				TEST_HOST = "$(BUILT_PRODUCTS_DIR)/BluesFansClub.app/BluesFansClub";
			};
			name = Release;
		};
		C486D9AF1F160ABB00657D4C /* Debug */ = {
			isa = XCBuildConfiguration;
			buildSettings = {
				ALWAYS_EMBED_SWIFT_STANDARD_LIBRARIES = YES;
				DEVELOPMENT_TEAM = 5MQC4227GN;
				INFOPLIST_FILE = BluesFansClubUITests/Info.plist;
				LD_RUNPATH_SEARCH_PATHS = "$(inherited) @executable_path/Frameworks @loader_path/Frameworks";
				PRODUCT_BUNDLE_IDENTIFIER = com.infinitysports.BluesFansClubUITests;
				PRODUCT_NAME = "$(TARGET_NAME)";
				SWIFT_VERSION = 3.0;
				TEST_TARGET_NAME = BluesFansClub;
			};
			name = Debug;
		};
		C486D9B01F160ABB00657D4C /* Release */ = {
			isa = XCBuildConfiguration;
			buildSettings = {
				ALWAYS_EMBED_SWIFT_STANDARD_LIBRARIES = YES;
				DEVELOPMENT_TEAM = 5MQC4227GN;
				INFOPLIST_FILE = BluesFansClubUITests/Info.plist;
				LD_RUNPATH_SEARCH_PATHS = "$(inherited) @executable_path/Frameworks @loader_path/Frameworks";
				PRODUCT_BUNDLE_IDENTIFIER = com.infinitysports.BluesFansClubUITests;
				PRODUCT_NAME = "$(TARGET_NAME)";
				SWIFT_VERSION = 3.0;
				TEST_TARGET_NAME = BluesFansClub;
			};
			name = Release;
		};
/* End XCBuildConfiguration section */

/* Begin XCConfigurationList section */
		C486D97B1F160ABB00657D4C /* Build configuration list for PBXProject "BluesFansClub" */ = {
			isa = XCConfigurationList;
			buildConfigurations = (
				C486D9A61F160ABB00657D4C /* Debug */,
				C486D9A71F160ABB00657D4C /* Release */,
			);
			defaultConfigurationIsVisible = 0;
			defaultConfigurationName = Release;
		};
		C486D9A81F160ABB00657D4C /* Build configuration list for PBXNativeTarget "BluesFansClub" */ = {
			isa = XCConfigurationList;
			buildConfigurations = (
				C486D9A91F160ABB00657D4C /* Debug */,
				C486D9AA1F160ABB00657D4C /* Release */,
			);
			defaultConfigurationIsVisible = 0;
			defaultConfigurationName = Release;
		};
		C486D9AB1F160ABB00657D4C /* Build configuration list for PBXNativeTarget "BluesFansClubTests" */ = {
			isa = XCConfigurationList;
			buildConfigurations = (
				C486D9AC1F160ABB00657D4C /* Debug */,
				C486D9AD1F160ABB00657D4C /* Release */,
			);
			defaultConfigurationIsVisible = 0;
			defaultConfigurationName = Release;
		};
		C486D9AE1F160ABB00657D4C /* Build configuration list for PBXNativeTarget "BluesFansClubUITests" */ = {
			isa = XCConfigurationList;
			buildConfigurations = (
				C486D9AF1F160ABB00657D4C /* Debug */,
				C486D9B01F160ABB00657D4C /* Release */,
			);
			defaultConfigurationIsVisible = 0;
			defaultConfigurationName = Release;
		};
/* End XCConfigurationList section */
	};
	rootObject = C486D9781F160ABB00657D4C /* Project object */;
}
